
Microsoft Visual Studio Solution File, Format Version 12.00
# Visual Studio Version 17
VisualStudioVersion = 17.1.32210.238
MinimumVisualStudioVersion = 10.0.40219.1
Project("{FAE04EC0-301F-11D3-BF4B-00C04F79EFBC}") = "UmbracoCore", "UmbracoCore.csproj", "{64970C06-A06D-4719-AC28-E2BD9FFF1748}"
EndProject
Global
	GlobalSection(SolutionConfigurationPlatforms) = preSolution
		Debug|Any CPU = Debug|Any CPU
		Release|Any CPU = Release|Any CPU
	EndGlobalSection
	GlobalSection(ProjectConfigurationPlatforms) = postSolution
		{64970C06-A06D-4719-AC28-E2BD9FFF1748}.Debug|Any CPU.ActiveCfg = Debug|Any CPU
		{64970C06-A06D-4719-AC28-E2BD9FFF1748}.Debug|Any CPU.Build.0 = Debug|Any CPU
		{64970C06-A06D-4719-AC28-E2BD9FFF1748}.Release|Any CPU.ActiveCfg = Release|Any CPU
		{64970C06-A06D-4719-AC28-E2BD9FFF1748}.Release|Any CPU.Build.0 = Release|Any CPU
	EndGlobalSection
	GlobalSection(SolutionProperties) = preSolution
		HideSolutionNode = FALSE
	EndGlobalSection
	GlobalSection(ExtensibilityGlobals) = postSolution
		SolutionGuid = {0C597E97-26A5-48E1-9D2E-92EA3CB223BD}
	EndGlobalSection
EndGlobal
